
Microsoft Visual Studio Solution File, Format Version 12.00
Project("{FAE04EC0-301F-11D3-BF4B-00C04F79EFBC}") = "OsuLazerDataDecryptor", "OsuLazerDataDecryptor\OsuLazerDataDecryptor.csproj", "{BFAABD86-BEF7-454C-BA70-3735F9B0B61F}"
EndProject
Global
	GlobalSection(SolutionConfigurationPlatforms) = preSolution
		Debug|Any CPU = Debug|Any CPU
		Release|Any CPU = Release|Any CPU
	EndGlobalSection
	GlobalSection(ProjectConfigurationPlatforms) = postSolution
		{BFAABD86-BEF7-454C-BA70-3735F9B0B61F}.Debug|Any CPU.ActiveCfg = Debug|Any CPU
		{BFAABD86-BEF7-454C-BA70-3735F9B0B61F}.Debug|Any CPU.Build.0 = Debug|Any CPU
		{BFAABD86-BEF7-454C-BA70-3735F9B0B61F}.Release|Any CPU.ActiveCfg = Release|Any CPU
		{BFAABD86-BEF7-454C-BA70-3735F9B0B61F}.Release|Any CPU.Build.0 = Release|Any CPU
	EndGlobalSection
EndGlobal
